
Microsoft Visual Studio Solution File, Format Version 12.00
# Visual Studio 15
VisualStudioVersion = 15.0.26124.0
MinimumVisualStudioVersion = 15.0.26124.0
Project("{2150E333-8FDC-42A3-9474-1A3956D46DE8}") = "src", "src", "{6CCB2F43-E501-4B70-98A2-5BF8FB84C0A9}"
EndProject
Project("{FAE04EC0-301F-11D3-BF4B-00C04F79EFBC}") = "WebApi", "src\WebApi\WebApi.csproj", "{27CE06F3-1CD8-4DBE-90DF-C91DD80E609F}"
EndProject
Project("{FAE04EC0-301F-11D3-BF4B-00C04F79EFBC}") = "ApplicationCore", "src\ApplicationCore\ApplicationCore.csproj", "{06BC8D47-1BE8-42A0-BB1F-C5B0D2F85D05}"
EndProject
Project("{FAE04EC0-301F-11D3-BF4B-00C04F79EFBC}") = "Infrastructure", "src\Infrastructure\Infrastructure.csproj", "{8AE49D37-FD9D-4130-9548-493AC9C40232}"
EndProject
Global
	GlobalSection(SolutionConfigurationPlatforms) = preSolution
		Debug|Any CPU = Debug|Any CPU
		Debug|x64 = Debug|x64
		Debug|x86 = Debug|x86
		Release|Any CPU = Release|Any CPU
		Release|x64 = Release|x64
		Release|x86 = Release|x86
	EndGlobalSection
	GlobalSection(SolutionProperties) = preSolution
		HideSolutionNode = FALSE
	EndGlobalSection
	GlobalSection(ProjectConfigurationPlatforms) = postSolution
		{27CE06F3-1CD8-4DBE-90DF-C91DD80E609F}.Debug|Any CPU.ActiveCfg = Debug|Any CPU
		{27CE06F3-1CD8-4DBE-90DF-C91DD80E609F}.Debug|Any CPU.Build.0 = Debug|Any CPU
		{27CE06F3-1CD8-4DBE-90DF-C91DD80E609F}.Debug|x64.ActiveCfg = Debug|Any CPU
		{27CE06F3-1CD8-4DBE-90DF-C91DD80E609F}.Debug|x64.Build.0 = Debug|Any CPU
		{27CE06F3-1CD8-4DBE-90DF-C91DD80E609F}.Debug|x86.ActiveCfg = Debug|Any CPU
		{27CE06F3-1CD8-4DBE-90DF-C91DD80E609F}.Debug|x86.Build.0 = Debug|Any CPU
		{27CE06F3-1CD8-4DBE-90DF-C91DD80E609F}.Release|Any CPU.ActiveCfg = Release|Any CPU
		{27CE06F3-1CD8-4DBE-90DF-C91DD80E609F}.Release|Any CPU.Build.0 = Release|Any CPU
		{27CE06F3-1CD8-4DBE-90DF-C91DD80E609F}.Release|x64.ActiveCfg = Release|Any CPU
		{27CE06F3-1CD8-4DBE-90DF-C91DD80E609F}.Release|x64.Build.0 = Release|Any CPU
		{27CE06F3-1CD8-4DBE-90DF-C91DD80E609F}.Release|x86.ActiveCfg = Release|Any CPU
		{27CE06F3-1CD8-4DBE-90DF-C91DD80E609F}.Release|x86.Build.0 = Release|Any CPU
		{06BC8D47-1BE8-42A0-BB1F-C5B0D2F85D05}.Debug|Any CPU.ActiveCfg = Debug|Any CPU
		{06BC8D47-1BE8-42A0-BB1F-C5B0D2F85D05}.Debug|Any CPU.Build.0 = Debug|Any CPU
		{06BC8D47-1BE8-42A0-BB1F-C5B0D2F85D05}.Debug|x64.ActiveCfg = Debug|Any CPU
		{06BC8D47-1BE8-42A0-BB1F-C5B0D2F85D05}.Debug|x64.Build.0 = Debug|Any CPU
		{06BC8D47-1BE8-42A0-BB1F-C5B0D2F85D05}.Debug|x86.ActiveCfg = Debug|Any CPU
		{06BC8D47-1BE8-42A0-BB1F-C5B0D2F85D05}.Debug|x86.Build.0 = Debug|Any CPU
		{06BC8D47-1BE8-42A0-BB1F-C5B0D2F85D05}.Release|Any CPU.ActiveCfg = Release|Any CPU
		{06BC8D47-1BE8-42A0-BB1F-C5B0D2F85D05}.Release|Any CPU.Build.0 = Release|Any CPU
		{06BC8D47-1BE8-42A0-BB1F-C5B0D2F85D05}.Release|x64.ActiveCfg = Release|Any CPU
		{06BC8D47-1BE8-42A0-BB1F-C5B0D2F85D05}.Release|x64.Build.0 = Release|Any CPU
		{06BC8D47-1BE8-42A0-BB1F-C5B0D2F85D05}.Release|x86.ActiveCfg = Release|Any CPU
		{06BC8D47-1BE8-42A0-BB1F-C5B0D2F85D05}.Release|x86.Build.0 = Release|Any CPU
		{8AE49D37-FD9D-4130-9548-493AC9C40232}.Debug|Any CPU.ActiveCfg = Debug|Any CPU
		{8AE49D37-FD9D-4130-9548-493AC9C40232}.Debug|Any CPU.Build.0 = Debug|Any CPU
		{8AE49D37-FD9D-4130-9548-493AC9C40232}.Debug|x64.ActiveCfg = Debug|Any CPU
		{8AE49D37-FD9D-4130-9548-493AC9C40232}.Debug|x64.Build.0 = Debug|Any CPU
		{8AE49D37-FD9D-4130-9548-493AC9C40232}.Debug|x86.ActiveCfg = Debug|Any CPU
		{8AE49D37-FD9D-4130-9548-493AC9C40232}.Debug|x86.Build.0 = Debug|Any CPU
		{8AE49D37-FD9D-4130-9548-493AC9C40232}.Release|Any CPU.ActiveCfg = Release|Any CPU
		{8AE49D37-FD9D-4130-9548-493AC9C40232}.Release|Any CPU.Build.0 = Release|Any CPU
		{8AE49D37-FD9D-4130-9548-493AC9C40232}.Release|x64.ActiveCfg = Release|Any CPU
		{8AE49D37-FD9D-4130-9548-493AC9C40232}.Release|x64.Build.0 = Release|Any CPU
		{8AE49D37-FD9D-4130-9548-493AC9C40232}.Release|x86.ActiveCfg = Release|Any CPU
		{8AE49D37-FD9D-4130-9548-493AC9C40232}.Release|x86.Build.0 = Release|Any CPU
	EndGlobalSection
	GlobalSection(NestedProjects) = preSolution
		{27CE06F3-1CD8-4DBE-90DF-C91DD80E609F} = {6CCB2F43-E501-4B70-98A2-5BF8FB84C0A9}
		{06BC8D47-1BE8-42A0-BB1F-C5B0D2F85D05} = {6CCB2F43-E501-4B70-98A2-5BF8FB84C0A9}
		{8AE49D37-FD9D-4130-9548-493AC9C40232} = {6CCB2F43-E501-4B70-98A2-5BF8FB84C0A9}
	EndGlobalSection
EndGlobal
